
Microsoft Visual Studio Solution File, Format Version 12.00
# Visual Studio 15
VisualStudioVersion = 15.0.28306.52
MinimumVisualStudioVersion = 10.0.40219.1
Project("{9A19103F-16F7-4668-BE54-9A1E7A4F7556}") = "Core_MVC_AutoComplete", "Core_MVC_AutoComplete\Core_MVC_AutoComplete.csproj", "{6C85D399-2290-4B9B-9B7B-50071D46221E}"
EndProject
Global
	GlobalSection(SolutionConfigurationPlatforms) = preSolution
		Debug|Any CPU = Debug|Any CPU
		Release|Any CPU = Release|Any CPU
	EndGlobalSection
	GlobalSection(ProjectConfigurationPlatforms) = postSolution
		{6C85D399-2290-4B9B-9B7B-50071D46221E}.Debug|Any CPU.ActiveCfg = Debug|Any CPU
		{6C85D399-2290-4B9B-9B7B-50071D46221E}.Debug|Any CPU.Build.0 = Debug|Any CPU
		{6C85D399-2290-4B9B-9B7B-50071D46221E}.Release|Any CPU.ActiveCfg = Release|Any CPU
		{6C85D399-2290-4B9B-9B7B-50071D46221E}.Release|Any CPU.Build.0 = Release|Any CPU
	EndGlobalSection
	GlobalSection(SolutionProperties) = preSolution
		HideSolutionNode = FALSE
	EndGlobalSection
	GlobalSection(ExtensibilityGlobals) = postSolution
		SolutionGuid = {E79D7705-4274-4CC0-9903-7646EEC77396}
	EndGlobalSection
EndGlobal
